Microsoft Visual Studio Solution File, Format Version 12.00
# Visual Studio 14
VisualStudioVersion = 14.0.25420.1
MinimumVisualStudioVersion = 10.0.40219.1
Project("{8BC9CEB8-8B4A-11D0-8D11-00A0C91BC942}") = "vspa-as_vs2013", "vspa-as_vs2013.vcxproj", "{3D20E058-27A5-498A-8220-C7DC48F47A27}"
EndProject
Project("{8BC9CEB8-8B4A-11D0-8D11-00A0C91BC942}") = "libbfd_vs2013", "libbfd_vs2013.vcxproj", "{8F69EC84-6F2A-48CA-9869-7999E74C80B3}"
EndProject
Project("{8BC9CEB8-8B4A-11D0-8D11-00A0C91BC942}") = "libgas_vs2013", "libgas_vs2013.vcxproj", "{B9914C42-CA8A-452D-88C1-A1BDDE774913}"
EndProject
Project("{8BC9CEB8-8B4A-11D0-8D11-00A0C91BC942}") = "libiberty_vs2013", "libiberty_vs2013.vcxproj", "{05CA59DE-8379-42FA-8660-B8F783AB02AA}"
EndProject
Project("{8BC9CEB8-8B4A-11D0-8D11-00A0C91BC942}") = "libopcode_vs2013", "libopcode_vs2013.vcxproj", "{3EB130EA-105B-443F-93D7-99BE1D2705E1}"
EndProject
Global
	GlobalSection(SolutionConfigurationPlatforms) = preSolution
		debug_vspa3|Win32 = debug_vspa3|Win32
		release_vspa3|Win32 = release_vspa3|Win32
	EndGlobalSection
	GlobalSection(ProjectConfigurationPlatforms) = postSolution
		{3D20E058-27A5-498A-8220-C7DC48F47A27}.debug_vspa3|Win32.ActiveCfg = debug_vspa3|Win32
		{3D20E058-27A5-498A-8220-C7DC48F47A27}.debug_vspa3|Win32.Build.0 = debug_vspa3|Win32
		{3D20E058-27A5-498A-8220-C7DC48F47A27}.release_vspa3|Win32.ActiveCfg = release_vspa3|Win32
		{3D20E058-27A5-498A-8220-C7DC48F47A27}.release_vspa3|Win32.Build.0 = release_vspa3|Win32
		{8F69EC84-6F2A-48CA-9869-7999E74C80B3}.debug_vspa3|Win32.ActiveCfg = debug_vspa3|Win32
		{8F69EC84-6F2A-48CA-9869-7999E74C80B3}.debug_vspa3|Win32.Build.0 = debug_vspa3|Win32
		{8F69EC84-6F2A-48CA-9869-7999E74C80B3}.release_vspa3|Win32.ActiveCfg = release_vspa3|Win32
		{8F69EC84-6F2A-48CA-9869-7999E74C80B3}.release_vspa3|Win32.Build.0 = release_vspa3|Win32
		{B9914C42-CA8A-452D-88C1-A1BDDE774913}.debug_vspa3|Win32.ActiveCfg = debug_vspa3|Win32
		{B9914C42-CA8A-452D-88C1-A1BDDE774913}.debug_vspa3|Win32.Build.0 = debug_vspa3|Win32
		{B9914C42-CA8A-452D-88C1-A1BDDE774913}.release_vspa3|Win32.ActiveCfg = release_vspa3|Win32
		{B9914C42-CA8A-452D-88C1-A1BDDE774913}.release_vspa3|Win32.Build.0 = release_vspa3|Win32
		{05CA59DE-8379-42FA-8660-B8F783AB02AA}.debug_vspa3|Win32.ActiveCfg = debug_vspa3|Win32
		{05CA59DE-8379-42FA-8660-B8F783AB02AA}.debug_vspa3|Win32.Build.0 = debug_vspa3|Win32
		{05CA59DE-8379-42FA-8660-B8F783AB02AA}.release_vspa3|Win32.ActiveCfg = release_vspa3|Win32
		{05CA59DE-8379-42FA-8660-B8F783AB02AA}.release_vspa3|Win32.Build.0 = release_vspa3|Win32
		{3EB130EA-105B-443F-93D7-99BE1D2705E1}.debug_vspa3|Win32.ActiveCfg = debug_vspa3|Win32
		{3EB130EA-105B-443F-93D7-99BE1D2705E1}.debug_vspa3|Win32.Build.0 = debug_vspa3|Win32
		{3EB130EA-105B-443F-93D7-99BE1D2705E1}.release_vspa3|Win32.ActiveCfg = release_vspa3|Win32
		{3EB130EA-105B-443F-93D7-99BE1D2705E1}.release_vspa3|Win32.Build.0 = release_vspa3|Win32
	EndGlobalSection
	GlobalSection(SolutionProperties) = preSolution
		HideSolutionNode = FALSE
	EndGlobalSection
EndGlobal
